
Microsoft Visual Studio Solution File, Format Version 12.00
# Visual Studio 15
VisualStudioVersion = 15.0.28307.705
MinimumVisualStudioVersion = 10.0.40219.1
Project("{FAE04EC0-301F-11D3-BF4B-00C04F79EFBC}") = "BillsApp.Web", "BillsApp.Web\BillsApp.Web.csproj", "{63FCBCC7-41EA-4D68-90D8-0143E5C5C157}"
EndProject
Project("{9A19103F-16F7-4668-BE54-9A1E7A4F7556}") = "BillsApp.Core", "BillsApp.Core\BillsApp.Core.csproj", "{B13437EC-33C6-4CF5-905C-5DF998DFA5D3}"
EndProject
Global
	GlobalSection(SolutionConfigurationPlatforms) = preSolution
		Debug|Any CPU = Debug|Any CPU
		Release|Any CPU = Release|Any CPU
	EndGlobalSection
	GlobalSection(ProjectConfigurationPlatforms) = postSolution
		{63FCBCC7-41EA-4D68-90D8-0143E5C5C157}.Debug|Any CPU.ActiveCfg = Debug|Any CPU
		{63FCBCC7-41EA-4D68-90D8-0143E5C5C157}.Debug|Any CPU.Build.0 = Debug|Any CPU
		{63FCBCC7-41EA-4D68-90D8-0143E5C5C157}.Release|Any CPU.ActiveCfg = Release|Any CPU
		{63FCBCC7-41EA-4D68-90D8-0143E5C5C157}.Release|Any CPU.Build.0 = Release|Any CPU
		{B13437EC-33C6-4CF5-905C-5DF998DFA5D3}.Debug|Any CPU.ActiveCfg = Debug|Any CPU
		{B13437EC-33C6-4CF5-905C-5DF998DFA5D3}.Debug|Any CPU.Build.0 = Debug|Any CPU
		{B13437EC-33C6-4CF5-905C-5DF998DFA5D3}.Release|Any CPU.ActiveCfg = Release|Any CPU
		{B13437EC-33C6-4CF5-905C-5DF998DFA5D3}.Release|Any CPU.Build.0 = Release|Any CPU
	EndGlobalSection
	GlobalSection(SolutionProperties) = preSolution
		HideSolutionNode = FALSE
	EndGlobalSection
	GlobalSection(ExtensibilityGlobals) = postSolution
		SolutionGuid = {8415B68B-C7E4-4070-AC03-435FDB54E2DC}
	EndGlobalSection
EndGlobal
